
Microsoft Visual Studio Solution File, Format Version 12.00
# Visual Studio 2015
Project("{FAE04EC0-301F-11D3-BF4B-00C04F79EFBC}") = "Arduino_Communication", "Arduino_Communication.csproj", "{8B69D03D-C078-A377-4D07-D37DB3A6B4CA}"
EndProject
Global
	GlobalSection(SolutionConfigurationPlatforms) = preSolution
		Debug|Any CPU = Debug|Any CPU
		Release|Any CPU = Release|Any CPU
	EndGlobalSection
	GlobalSection(ProjectConfigurationPlatforms) = postSolution
		{8B69D03D-C078-A377-4D07-D37DB3A6B4CA}.Debug|Any CPU.ActiveCfg = Debug|Any CPU
		{8B69D03D-C078-A377-4D07-D37DB3A6B4CA}.Debug|Any CPU.Build.0 = Debug|Any CPU
		{8B69D03D-C078-A377-4D07-D37DB3A6B4CA}.Release|Any CPU.ActiveCfg = Release|Any CPU
		{8B69D03D-C078-A377-4D07-D37DB3A6B4CA}.Release|Any CPU.Build.0 = Release|Any CPU
	EndGlobalSection
	GlobalSection(SolutionProperties) = preSolution
		HideSolutionNode = FALSE
	EndGlobalSection
EndGlobal
